// !$*UTF8*$!
{
	archiveVersion = 1;
	classes = {
	};
	objectVersion = 46;
	objects = {

/* Begin PBXBuildFile section */
		9484D9271A34CA02008DF58E /* main.m in Sources */ = {isa = PBXBuildFile; fileRef = 9484D9261A34CA02008DF58E /* main.m */; };
		9484D92A1A34CA02008DF58E /* AppDelegate.m in Sources */ = {isa = PBXBuildFile; fileRef = 9484D9291A34CA02008DF58E /* AppDelegate.m */; };
		9484D92D1A34CA02008DF58E /* ViewController.m in Sources */ = {isa = PBXBuildFile; fileRef = 9484D92C1A34CA02008DF58E /* ViewController.m */; };
		9484D9301A34CA02008DF58E /* Main.storyboard in Resources */ = {isa = PBXBuildFile; fileRef = 9484D92E1A34CA02008DF58E /* Main.storyboard */; };
		9484D9321A34CA02008DF58E /* Images.xcassets in Resources */ = {isa = PBXBuildFile; fileRef = 9484D9311A34CA02008DF58E /* Images.xcassets */; };
		9484D9351A34CA02008DF58E /* LaunchScreen.xib in Resources */ = {isa = PBXBuildFile; fileRef = 9484D9331A34CA02008DF58E /* LaunchScreen.xib */; };
		9484D9411A34CA02008DF58E /* CrystalBallTests.m in Sources */ = {isa = PBXBuildFile; fileRef = 9484D9401A34CA02008DF58E /* CrystalBallTests.m */; };
/* End PBXBuildFile section */

/* Begin PBXContainerItemProxy section */
		9484D93B1A34CA02008DF58E /* PBXContainerItemProxy */ = {
			isa = PBXContainerItemProxy;
			containerPortal = 9484D9191A34CA02008DF58E /* Project object */;
			proxyType = 1;
			remoteGlobalIDString = 9484D9201A34CA02008DF58E;
			remoteInfo = CrystalBall;
		};
/* End PBXContainerItemProxy section */

/* Begin PBXFileReference section */
		9484D9211A34CA02008DF58E /* CrystalBall.app */ = {isa = PBXFileReference; explicitFileType = wrapper.application; includeInIndex = 0; path = CrystalBall.app; sourceTree = BUILT_PRODUCTS_DIR; };
		9484D9251A34CA02008DF58E /* Info.plist */ = {isa = PBXFileReference; lastKnownFileType = text.plist.xml; path = Info.plist; sourceTree = "<group>"; };
		9484D9261A34CA02008DF58E /* main.m */ = {isa = PBXFileReference; lastKnownFileType = sourcecode.c.objc; path = main.m; sourceTree = "<group>"; };
		9484D9281A34CA02008DF58E /* AppDelegate.h */ = {isa = PBXFileReference; lastKnownFileType = sourcecode.c.h; path = AppDelegate.h; sourceTree = "<group>"; };
		9484D9291A34CA02008DF58E /* AppDelegate.m */ = {isa = PBXFileReference; lastKnownFileType = sourcecode.c.objc; path = AppDelegate.m; sourceTree = "<group>"; };
		9484D92B1A34CA02008DF58E /* ViewController.h */ = {isa = PBXFileReference; lastKnownFileType = sourcecode.c.h; path = ViewController.h; sourceTree = "<group>"; };
		9484D92C1A34CA02008DF58E /* ViewController.m */ = {isa = PBXFileReference; lastKnownFileType = sourcecode.c.objc; path = ViewController.m; sourceTree = "<group>"; };
		9484D92F1A34CA02008DF58E /* Base */ = {isa = PBXFileReference; lastKnownFileType = file.storyboard; name = Base; path = Base.lproj/Main.storyboard; sourceTree = "<group>"; };
		9484D9311A34CA02008DF58E /* Images.xcassets */ = {isa = PBXFileReference; lastKnownFileType = folder.assetcatalog; path = Images.xcassets; sourceTree = "<group>"; };
		9484D9341A34CA02008DF58E /* Base */ = {isa = PBXFileReference; lastKnownFileType = file.xib; name = Base; path = Base.lproj/LaunchScreen.xib; sourceTree = "<group>"; };
		9484D93A1A34CA02008DF58E /* CrystalBallTests.xctest */ = {isa = PBXFileReference; explicitFileType = wrapper.cfbundle; includeInIndex = 0; path = CrystalBallTests.xctest; sourceTree = BUILT_PRODUCTS_DIR; };
		9484D93F1A34CA02008DF58E /* Info.plist */ = {isa = PBXFileReference; lastKnownFileType = text.plist.xml; path = Info.plist; sourceTree = "<group>"; };
		9484D9401A34CA02008DF58E /* CrystalBallTests.m */ = {isa = PBXFileReference; lastKnownFileType = sourcecode.c.objc; path = CrystalBallTests.m; sourceTree = "<group>"; };
/* End PBXFileReference section */

/* Begin PBXFrameworksBuildPhase section */
		9484D91E1A34CA02008DF58E /* Frameworks */ = {
			isa = PBXFrameworksBuildPhase;
			buildActionMask = 2147483647;
			files = (
			);
			runOnlyForDeploymentPostprocessing = 0;
		};
		9484D9371A34CA02008DF58E /* Frameworks */ = {
			isa = PBXFrameworksBuildPhase;
			buildActionMask = 2147483647;
			files = (
			);
			runOnlyForDeploymentPostprocessing = 0;
		};
/* End PBXFrameworksBuildPhase section */

/* Begin PBXGroup section */
		9484D9181A34CA02008DF58E = {
			isa = PBXGroup;
			children = (
				9484D9231A34CA02008DF58E /* CrystalBall */,
				9484D93D1A34CA02008DF58E /* CrystalBallTests */,
				9484D9221A34CA02008DF58E /* Products */,
			);
			sourceTree = "<group>";
		};
		9484D9221A34CA02008DF58E /* Products */ = {
			isa = PBXGroup;
			children = (
				9484D9211A34CA02008DF58E /* CrystalBall.app */,
				9484D93A1A34CA02008DF58E /* CrystalBallTests.xctest */,
			);
			name = Products;
			sourceTree = "<group>";
		};
		9484D9231A34CA02008DF58E /* CrystalBall */ = {
			isa = PBXGroup;
			children = (
				9484D9281A34CA02008DF58E /* AppDelegate.h */,
				9484D9291A34CA02008DF58E /* AppDelegate.m */,
				9484D92B1A34CA02008DF58E /* ViewController.h */,
				9484D92C1A34CA02008DF58E /* ViewController.m */,
				9484D92E1A34CA02008DF58E /* Main.storyboard */,
				9484D9311A34CA02008DF58E /* Images.xcassets */,
				9484D9331A34CA02008DF58E /* LaunchScreen.xib */,
				9484D9241A34CA02008DF58E /* Supporting Files */,
			);
			path = CrystalBall;
			sourceTree = "<group>";
		};
		9484D9241A34CA02008DF58E /* Supporting Files */ = {
			isa = PBXGroup;
			children = (
				9484D9251A34CA02008DF58E /* Info.plist */,
				9484D9261A34CA02008DF58E /* main.m */,
			);
			name = "Supporting Files";
			sourceTree = "<group>";
		};
		9484D93D1A34CA02008DF58E /* CrystalBallTests */ = {
			isa = PBXGroup;
			children = (
				9484D9401A34CA02008DF58E /* CrystalBallTests.m */,
				9484D93E1A34CA02008DF58E /* Supporting Files */,
			);
			path = CrystalBallTests;
			sourceTree = "<group>";
		};
		9484D93E1A34CA02008DF58E /* Supporting Files */ = {
			isa = PBXGroup;
			children = (
				9484D93F1A34CA02008DF58E /* Info.plist */,
			);
			name = "Supporting Files";
			sourceTree = "<group>";
		};
/* End PBXGroup section */

/* Begin PBXNativeTarget section */
		9484D9201A34CA02008DF58E /* CrystalBall */ = {
			isa = PBXNativeTarget;
			buildConfigurationList = 9484D9441A34CA02008DF58E /* Build configuration list for PBXNativeTarget "CrystalBall" */;
			buildPhases = (
				9484D91D1A34CA02008DF58E /* Sources */,
				9484D91E1A34CA02008DF58E /* Frameworks */,
				9484D91F1A34CA02008DF58E /* Resources */,
			);
			buildRules = (
			);
			dependencies = (
			);
			name = CrystalBall;
			productName = CrystalBall;
			productReference = 9484D9211A34CA02008DF58E /* CrystalBall.app */;
			productType = "com.apple.product-type.application";
		};
		9484D9391A34CA02008DF58E /* CrystalBallTests */ = {
			isa = PBXNativeTarget;
			buildConfigurationList = 9484D9471A34CA02008DF58E /* Build configuration list for PBXNativeTarget "CrystalBallTests" */;
			buildPhases = (
				9484D9361A34CA02008DF58E /* Sources */,
				9484D9371A34CA02008DF58E /* Frameworks */,
				9484D9381A34CA02008DF58E /* Resources */,
			);
			buildRules = (
			);
			dependencies = (
				9484D93C1A34CA02008DF58E /* PBXTargetDependency */,
			);
			name = CrystalBallTests;
			productName = CrystalBallTests;
			productReference = 9484D93A1A34CA02008DF58E /* CrystalBallTests.xctest */;
			productType = "com.apple.product-type.bundle.unit-test";
		};
/* End PBXNativeTarget section */

/* Begin PBXProject section */
		9484D9191A34CA02008DF58E /* Project object */ = {
			isa = PBXProject;
			attributes = {
				LastUpgradeCheck = 0610;
				ORGANIZATIONNAME = "Margherita Serino";
				TargetAttributes = {
					9484D9201A34CA02008DF58E = {
						CreatedOnToolsVersion = 6.1;
					};
					9484D9391A34CA02008DF58E = {
						CreatedOnToolsVersion = 6.1;
						TestTargetID = 9484D9201A34CA02008DF58E;
					};
				};
			};
			buildConfigurationList = 9484D91C1A34CA02008DF58E /* Build configuration list for PBXProject "CrystalBall" */;
			compatibilityVersion = "Xcode 3.2";
			developmentRegion = English;
			hasScannedForEncodings = 0;
			knownRegions = (
				en,
				Base,
			);
			mainGroup = 9484D9181A34CA02008DF58E;
			productRefGroup = 9484D9221A34CA02008DF58E /* Products */;
			projectDirPath = "";
			projectRoot = "";
			targets = (
				9484D9201A34CA02008DF58E /* CrystalBall */,
				9484D9391A34CA02008DF58E /* CrystalBallTests */,
			);
		};
/* End PBXProject section */

/* Begin PBXResourcesBuildPhase section */
		9484D91F1A34CA02008DF58E /* Resources */ = {
			isa = PBXResourcesBuildPhase;
			buildActionMask = 2147483647;
			files = (
				9484D9301A34CA02008DF58E /* Main.storyboard in Resources */,
				9484D9351A34CA02008DF58E /* LaunchScreen.xib in Resources */,
				9484D9321A34CA02008DF58E /* Images.xcassets in Resources */,
			);
			runOnlyForDeploymentPostprocessing = 0;
		};
		9484D9381A34CA02008DF58E /* Resources */ = {
			isa = PBXResourcesBuildPhase;
			buildActionMask = 2147483647;
			files = (
			);
			runOnlyForDeploymentPostprocessing = 0;
		};
/* End PBXResourcesBuildPhase section */

/* Begin PBXSourcesBuildPhase section */
		9484D91D1A34CA02008DF58E /* Sources */ = {
			isa = PBXSourcesBuildPhase;
			buildActionMask = 2147483647;
			files = (
				9484D92D1A34CA02008DF58E /* ViewController.m in Sources */,
				9484D92A1A34CA02008DF58E /* AppDelegate.m in Sources */,
				9484D9271A34CA02008DF58E /* main.m in Sources */,
			);
			runOnlyForDeploymentPostprocessing = 0;
		};
		9484D9361A34CA02008DF58E /* Sources */ = {
			isa = PBXSourcesBuildPhase;
			buildActionMask = 2147483647;
			files = (
				9484D9411A34CA02008DF58E /* CrystalBallTests.m in Sources */,
			);
			runOnlyForDeploymentPostprocessing = 0;
		};
/* End PBXSourcesBuildPhase section */

/* Begin PBXTargetDependency section */
		9484D93C1A34CA02008DF58E /* PBXTargetDependency */ = {
			isa = PBXTargetDependency;
			target = 9484D9201A34CA02008DF58E /* CrystalBall */;
			targetProxy = 9484D93B1A34CA02008DF58E /* PBXContainerItemProxy */;
		};
/* End PBXTargetDependency section */

/* Begin PBXVariantGroup section */
		9484D92E1A34CA02008DF58E /* Main.storyboard */ = {
			isa = PBXVariantGroup;
			children = (
				9484D92F1A34CA02008DF58E /* Base */,
			);
			name = Main.storyboard;
			sourceTree = "<group>";
		};
		9484D9331A34CA02008DF58E /* LaunchScreen.xib */ = {
			isa = PBXVariantGroup;
			children = (
				9484D9341A34CA02008DF58E /* Base */,
			);
			name = LaunchScreen.xib;
			sourceTree = "<group>";
		};
/* End PBXVariantGroup section */

/* Begin XCBuildConfiguration section */
		9484D9421A34CA02008DF58E /* Debug */ = {
			isa = XCBuildConfiguration;
			buildSettings = {
				ALWAYS_SEARCH_USER_PATHS = NO;
				CLANG_CXX_LANGUAGE_STANDARD = "gnu++0x";
				CLANG_CXX_LIBRARY = "libc++";
				CLANG_ENABLE_MODULES = YES;
				CLANG_ENABLE_OBJC_ARC = YES;
				CLANG_WARN_BOOL_CONVERSION = YES;
				CLANG_WARN_CONSTANT_CONVERSION = YES;
				CLANG_WARN_DIRECT_OBJC_ISA_USAGE = YES_ERROR;
				CLANG_WARN_EMPTY_BODY = YES;
				CLANG_WARN_ENUM_CONVERSION = YES;
				CLANG_WARN_INT_CONVERSION = YES;
				CLANG_WARN_OBJC_ROOT_CLASS = YES_ERROR;
				CLANG_WARN_UNREACHABLE_CODE = YES;
				CLANG_WARN__DUPLICATE_METHOD_MATCH = YES;
				"CODE_SIGN_IDENTITY[sdk=iphoneos*]" = "iPhone Developer";
				COPY_PHASE_STRIP = NO;
				ENABLE_STRICT_OBJC_MSGSEND = YES;
				GCC_C_LANGUAGE_STANDARD = gnu99;
				GCC_DYNAMIC_NO_PIC = NO;
				GCC_OPTIMIZATION_LEVEL = 0;
				GCC_PREPROCESSOR_DEFINITIONS = (
					"DEBUG=1",
					"$(inherited)",
				);
				GCC_SYMBOLS_PRIVATE_EXTERN = NO;
				GCC_WARN_64_TO_32_BIT_CONVERSION = YES;
				GCC_WARN_ABOUT_RETURN_TYPE = YES_ERROR;
				GCC_WARN_UNDECLARED_SELECTOR = YES;
				GCC_WARN_UNINITIALIZED_AUTOS = YES_AGGRESSIVE;
				GCC_WARN_UNUSED_FUNCTION = YES;
				GCC_WARN_UNUSED_VARIABLE = YES;
				IPHONEOS_DEPLOYMENT_TARGET = 8.1;
				MTL_ENABLE_DEBUG_INFO = YES;
				ONLY_ACTIVE_ARCH = YES;
				SDKROOT = iphoneos;
			};
			name = Debug;
		};
		9484D9431A34CA02008DF58E /* Release */ = {
			isa = XCBuildConfiguration;
			buildSettings = {
				ALWAYS_SEARCH_USER_PATHS = NO;
				CLANG_CXX_LANGUAGE_STANDARD = "gnu++0x";
				CLANG_CXX_LIBRARY = "libc++";
				CLANG_ENABLE_MODULES = YES;
				CLANG_ENABLE_OBJC_ARC = YES;
				CLANG_WARN_BOOL_CONVERSION = YES;
				CLANG_WARN_CONSTANT_CONVERSION = YES;
				CLANG_WARN_DIRECT_OBJC_ISA_USAGE = YES_ERROR;
				CLANG_WARN_EMPTY_BODY = YES;
				CLANG_WARN_ENUM_CONVERSION = YES;
				CLANG_WARN_INT_CONVERSION = YES;
				CLANG_WARN_OBJC_ROOT_CLASS = YES_ERROR;
				CLANG_WARN_UNREACHABLE_CODE = YES;
				CLANG_WARN__DUPLICATE_METHOD_MATCH = YES;
				"CODE_SIGN_IDENTITY[sdk=iphoneos*]" = "iPhone Developer";
				COPY_PHASE_STRIP = YES;
				ENABLE_NS_ASSERTIONS = NO;
				ENABLE_STRICT_OBJC_MSGSEND = YES;
				GCC_C_LANGUAGE_STANDARD = gnu99;
				GCC_WARN_64_TO_32_BIT_CONVERSION = YES;
				GCC_WARN_ABOUT_RETURN_TYPE = YES_ERROR;
				GCC_WARN_UNDECLARED_SELECTOR = YES;
				GCC_WARN_UNINITIALIZED_AUTOS = YES_AGGRESSIVE;
				GCC_WARN_UNUSED_FUNCTION = YES;
				GCC_WARN_UNUSED_VARIABLE = YES;
				IPHONEOS_DEPLOYMENT_TARGET = 8.1;
				MTL_ENABLE_DEBUG_INFO = NO;
				SDKROOT = iphoneos;
				VALIDATE_PRODUCT = YES;
			};
			name = Release;
		};
		9484D9451A34CA02008DF58E /* Debug */ = {
			isa = XCBuildConfiguration;
			buildSettings = {
				ASSETCATALOG_COMPILER_APPICON_NAME = AppIcon;
				INFOPLIST_FILE = CrystalBall/Info.plist;
				LD_RUNPATH_SEARCH_PATHS = "$(inherited) @executable_path/Frameworks";
				PRODUCT_NAME = "$(TARGET_NAME)";
			};
			name = Debug;
		};
		9484D9461A34CA02008DF58E /* Release */ = {
			isa = XCBuildConfiguration;
			buildSettings = {
				ASSETCATALOG_COMPILER_APPICON_NAME = AppIcon;
				INFOPLIST_FILE = CrystalBall/Info.plist;
				LD_RUNPATH_SEARCH_PATHS = "$(inherited) @executable_path/Frameworks";
				PRODUCT_NAME = "$(TARGET_NAME)";
			};
			name = Release;
		};
		9484D9481A34CA02008DF58E /* Debug */ = {
			isa = XCBuildConfiguration;
			buildSettings = {
				BUNDLE_LOADER = "$(TEST_HOST)";
				FRAMEWORK_SEARCH_PATHS = (
					"$(SDKROOT)/Developer/Library/Frameworks",
					"$(inherited)",
				);
				GCC_PREPROCESSOR_DEFINITIONS = (
					"DEBUG=1",
					"$(inherited)",
				);
				INFOPLIST_FILE = CrystalBallTests/Info.plist;
				LD_RUNPATH_SEARCH_PATHS = "$(inherited) @executable_path/Frameworks @loader_path/Frameworks";
				PRODUCT_NAME = "$(TARGET_NAME)";
				TEST_HOST = "$(BUILT_PRODUCTS_DIR)/CrystalBall.app/CrystalBall";
			};
			name = Debug;
		};
		9484D9491A34CA02008DF58E /* Release */ = {
			isa = XCBuildConfiguration;
			buildSettings = {
				BUNDLE_LOADER = "$(TEST_HOST)";
				FRAMEWORK_SEARCH_PATHS = (
					"$(SDKROOT)/Developer/Library/Frameworks",
					"$(inherited)",
				);
				INFOPLIST_FILE = CrystalBallTests/Info.plist;
				LD_RUNPATH_SEARCH_PATHS = "$(inherited) @executable_path/Frameworks @loader_path/Frameworks";
				PRODUCT_NAME = "$(TARGET_NAME)";
				TEST_HOST = "$(BUILT_PRODUCTS_DIR)/CrystalBall.app/CrystalBall";
			};
			name = Release;
		};
/* End XCBuildConfiguration section */

/* Begin XCConfigurationList section */
		9484D91C1A34CA02008DF58E /* Build configuration list for PBXProject "CrystalBall" */ = {
			isa = XCConfigurationList;
			buildConfigurations = (
				9484D9421A34CA02008DF58E /* Debug */,
				9484D9431A34CA02008DF58E /* Release */,
			);
			defaultConfigurationIsVisible = 0;
			defaultConfigurationName = Release;
		};
		9484D9441A34CA02008DF58E /* Build configuration list for PBXNativeTarget "CrystalBall" */ = {
			isa = XCConfigurationList;
			buildConfigurations = (
				9484D9451A34CA02008DF58E /* Debug */,
				9484D9461A34CA02008DF58E /* Release */,
			);
			defaultConfigurationIsVisible = 0;
		};
		9484D9471A34CA02008DF58E /* Build configuration list for PBXNativeTarget "CrystalBallTests" */ = {
			isa = XCConfigurationList;
			buildConfigurations = (
				9484D9481A34CA02008DF58E /* Debug */,
				9484D9491A34CA02008DF58E /* Release */,
			);
			defaultConfigurationIsVisible = 0;
		};
/* End XCConfigurationList section */
	};
	rootObject = 9484D9191A34CA02008DF58E /* Project object */;
}
